
Microsoft Visual Studio Solution File, Format Version 12.00
# Visual Studio Version 16
VisualStudioVersion = 16.0.30114.105
MinimumVisualStudioVersion = 10.0.40219.1
Project("{9A19103F-16F7-4668-BE54-9A1E7A4F7556}") = "ContentsLimit.Web", "ContentsLimit.Web\ContentsLimit.Web.csproj", "{C05C056E-CD1D-4084-B3CC-14DA56625FC1}"
EndProject
Project("{9A19103F-16F7-4668-BE54-9A1E7A4F7556}") = "ContentsLimit.Business", "ContentsLimit.Business\ContentsLimit.Business.csproj", "{B0E67833-4E0C-4107-BB0B-E54CC5C095C4}"
EndProject
Project("{00D1A9C2-B5F0-4AF3-8072-F6C62B433612}") = "ContentsLimit.Database", "ContentsLimit.Database\ContentsLimit.Database.sqlproj", "{5F069F5B-1FBE-488F-B6EA-B83921F9D913}"
EndProject
Global
	GlobalSection(SolutionConfigurationPlatforms) = preSolution
		Debug|Any CPU = Debug|Any CPU
		Release|Any CPU = Release|Any CPU
	EndGlobalSection
	GlobalSection(ProjectConfigurationPlatforms) = postSolution
		{C05C056E-CD1D-4084-B3CC-14DA56625FC1}.Debug|Any CPU.ActiveCfg = Debug|Any CPU
		{C05C056E-CD1D-4084-B3CC-14DA56625FC1}.Debug|Any CPU.Build.0 = Debug|Any CPU
		{C05C056E-CD1D-4084-B3CC-14DA56625FC1}.Release|Any CPU.ActiveCfg = Release|Any CPU
		{C05C056E-CD1D-4084-B3CC-14DA56625FC1}.Release|Any CPU.Build.0 = Release|Any CPU
		{B0E67833-4E0C-4107-BB0B-E54CC5C095C4}.Debug|Any CPU.ActiveCfg = Debug|Any CPU
		{B0E67833-4E0C-4107-BB0B-E54CC5C095C4}.Debug|Any CPU.Build.0 = Debug|Any CPU
		{B0E67833-4E0C-4107-BB0B-E54CC5C095C4}.Release|Any CPU.ActiveCfg = Release|Any CPU
		{B0E67833-4E0C-4107-BB0B-E54CC5C095C4}.Release|Any CPU.Build.0 = Release|Any CPU
		{5F069F5B-1FBE-488F-B6EA-B83921F9D913}.Debug|Any CPU.ActiveCfg = Debug|Any CPU
		{5F069F5B-1FBE-488F-B6EA-B83921F9D913}.Debug|Any CPU.Build.0 = Debug|Any CPU
		{5F069F5B-1FBE-488F-B6EA-B83921F9D913}.Debug|Any CPU.Deploy.0 = Debug|Any CPU
		{5F069F5B-1FBE-488F-B6EA-B83921F9D913}.Release|Any CPU.ActiveCfg = Release|Any CPU
		{5F069F5B-1FBE-488F-B6EA-B83921F9D913}.Release|Any CPU.Build.0 = Release|Any CPU
		{5F069F5B-1FBE-488F-B6EA-B83921F9D913}.Release|Any CPU.Deploy.0 = Release|Any CPU
	EndGlobalSection
	GlobalSection(SolutionProperties) = preSolution
		HideSolutionNode = FALSE
	EndGlobalSection
	GlobalSection(ExtensibilityGlobals) = postSolution
		SolutionGuid = {00C513FB-CA2C-499B-B32E-CFA5C41FB963}
	EndGlobalSection
EndGlobal
